
Microsoft Visual Studio Solution File, Format Version 12.00
# Visual Studio Version 16
VisualStudioVersion = 16.0.29326.143
MinimumVisualStudioVersion = 10.0.40219.1
Project("{FAE04EC0-301F-11D3-BF4B-00C04F79EFBC}") = "OriDETracker", "OriDETracker.csproj", "{9842A25C-2239-4F32-B0AD-6DE1C1346615}"
EndProject
Project("{2150E333-8FDC-42A3-9474-1A3956D46DE8}") = "Solution Items", "Solution Items", "{670F13BA-EBAF-40B2-BEE0-A576EB63020C}"
	ProjectSection(SolutionItems) = preProject
		..\README.md = ..\README.md
		..\TODO.txt = ..\TODO.txt
	EndProjectSection
EndProject
Global
	GlobalSection(SolutionConfigurationPlatforms) = preSolution
		Debug|Any CPU = Debug|Any CPU
		Release|Any CPU = Release|Any CPU
	EndGlobalSection
	GlobalSection(ProjectConfigurationPlatforms) = postSolution
		{9842A25C-2239-4F32-B0AD-6DE1C1346615}.Debug|Any CPU.ActiveCfg = Debug|Any CPU
		{9842A25C-2239-4F32-B0AD-6DE1C1346615}.Debug|Any CPU.Build.0 = Debug|Any CPU
		{9842A25C-2239-4F32-B0AD-6DE1C1346615}.Release|Any CPU.ActiveCfg = Release|Any CPU
		{9842A25C-2239-4F32-B0AD-6DE1C1346615}.Release|Any CPU.Build.0 = Release|Any CPU
	EndGlobalSection
	GlobalSection(SolutionProperties) = preSolution
		HideSolutionNode = FALSE
	EndGlobalSection
	GlobalSection(ExtensibilityGlobals) = postSolution
		SolutionGuid = {E295AB89-E34E-4F46-A630-3410A6AFB219}
	EndGlobalSection
EndGlobal
